%{
  "jason": {:hex, :jason, "1.4.4", "b9226785a9aa77b6857ca22832cffa5d5011a667207eb2a0ad56adb5db443b8a", [:mix], [{:decimal, "~> 1.0 or ~> 2.0", [hex: :decimal, repo: "hexpm", optional: true]}], "hexpm", "c5eb0cab91f094599f94d55bc63409236a8ec69a21a67814529e8d5f6cc90b3b"},
  "stable_jason": {:hex, :stable_jason, "1.0.0", "bbb55894a51f36dcfe157bc61d012cabf2797d9b060e0dfbccaa999af5e01693", [:mix], [{:jason, "~> 1.3", [hex: :jason, repo: "hexpm", optional: false]}], "hexpm", "f81d20270f25f7051853875633d68e8125e97a7add45ded1110e21310dfe5859"},
}
